
Microsoft Visual Studio Solution File, Format Version 12.00
# Visual Studio Version 17
VisualStudioVersion = 17.0.31912.275
MinimumVisualStudioVersion = 10.0.40219.1
Project("{FAE04EC0-301F-11D3-BF4B-00C04F79EFBC}") = "Trasuanhom15", "Trasuanhom15\Trasuanhom15.csproj", "{5D866BD0-536C-489A-A4EC-663F9DAAFF4C}"
EndProject
Global
	GlobalSection(SolutionConfigurationPlatforms) = preSolution
		Debug|Any CPU = Debug|Any CPU
		Release|Any CPU = Release|Any CPU
	EndGlobalSection
	GlobalSection(ProjectConfigurationPlatforms) = postSolution
		{5D866BD0-536C-489A-A4EC-663F9DAAFF4C}.Debug|Any CPU.ActiveCfg = Debug|Any CPU
		{5D866BD0-536C-489A-A4EC-663F9DAAFF4C}.Debug|Any CPU.Build.0 = Debug|Any CPU
		{5D866BD0-536C-489A-A4EC-663F9DAAFF4C}.Release|Any CPU.ActiveCfg = Release|Any CPU
		{5D866BD0-536C-489A-A4EC-663F9DAAFF4C}.Release|Any CPU.Build.0 = Release|Any CPU
	EndGlobalSection
	GlobalSection(SolutionProperties) = preSolution
		HideSolutionNode = FALSE
	EndGlobalSection
	GlobalSection(ExtensibilityGlobals) = postSolution
		SolutionGuid = {B96489B3-FBA2-480C-830A-E56DBD739F14}
	EndGlobalSection
EndGlobal
